
Microsoft Visual Studio Solution File, Format Version 12.00
# Visual Studio Version 16
VisualStudioVersion = 16.0.31410.357
MinimumVisualStudioVersion = 10.0.40219.1
Project("{FAE04EC0-301F-11D3-BF4B-00C04F79EFBC}") = "Exercise4", "Exercise4.csproj", "{8FA26A69-53C8-4F3F-AAC2-AF136056F5A7}"
EndProject
Project("{FAE04EC0-301F-11D3-BF4B-00C04F79EFBC}") = "MyCard", "..\MyCard\MyCard.csproj", "{1201E533-4DCD-469E-85D8-891FF306BC1A}"
EndProject
Global
	GlobalSection(SolutionConfigurationPlatforms) = preSolution
		Debug|Any CPU = Debug|Any CPU
		Release|Any CPU = Release|Any CPU
	EndGlobalSection
	GlobalSection(ProjectConfigurationPlatforms) = postSolution
		{8FA26A69-53C8-4F3F-AAC2-AF136056F5A7}.Debug|Any CPU.ActiveCfg = Debug|Any CPU
		{8FA26A69-53C8-4F3F-AAC2-AF136056F5A7}.Debug|Any CPU.Build.0 = Debug|Any CPU
		{8FA26A69-53C8-4F3F-AAC2-AF136056F5A7}.Release|Any CPU.ActiveCfg = Release|Any CPU
		{8FA26A69-53C8-4F3F-AAC2-AF136056F5A7}.Release|Any CPU.Build.0 = Release|Any CPU
		{1201E533-4DCD-469E-85D8-891FF306BC1A}.Debug|Any CPU.ActiveCfg = Debug|Any CPU
		{1201E533-4DCD-469E-85D8-891FF306BC1A}.Debug|Any CPU.Build.0 = Debug|Any CPU
		{1201E533-4DCD-469E-85D8-891FF306BC1A}.Release|Any CPU.ActiveCfg = Release|Any CPU
		{1201E533-4DCD-469E-85D8-891FF306BC1A}.Release|Any CPU.Build.0 = Release|Any CPU
	EndGlobalSection
	GlobalSection(SolutionProperties) = preSolution
		HideSolutionNode = FALSE
	EndGlobalSection
	GlobalSection(ExtensibilityGlobals) = postSolution
		SolutionGuid = {97E4889D-120F-4BE3-B530-0386F3F67E1A}
	EndGlobalSection
EndGlobal
